// !$*UTF8*$!
{
	archiveVersion = 1;
	classes = {
	};
	objectVersion = 50;
	objects = {

/* Begin PBXBuildFile section */
		12BDAF5521AEAA2300139C45 /* AppDelegate.m in Sources */ = {isa = PBXBuildFile; fileRef = 12BDAF5421AEAA2300139C45 /* AppDelegate.m */; };
		12BDAF5821AEAA2300139C45 /* ViewController.m in Sources */ = {isa = PBXBuildFile; fileRef = 12BDAF5721AEAA2300139C45 /* ViewController.m */; };
		12BDAF5B21AEAA2300139C45 /* Main.storyboard in Resources */ = {isa = PBXBuildFile; fileRef = 12BDAF5921AEAA2300139C45 /* Main.storyboard */; };
		12BDAF5D21AEAA2400139C45 /* Assets.xcassets in Resources */ = {isa = PBXBuildFile; fileRef = 12BDAF5C21AEAA2400139C45 /* Assets.xcassets */; };
		12BDAF6021AEAA2400139C45 /* LaunchScreen.storyboard in Resources */ = {isa = PBXBuildFile; fileRef = 12BDAF5E21AEAA2400139C45 /* LaunchScreen.storyboard */; };
		12BDAF6321AEAA2400139C45 /* main.m in Sources */ = {isa = PBXBuildFile; fileRef = 12BDAF6221AEAA2400139C45 /* main.m */; };
		12BDAF6D21AEAA2400139C45 /* MyAppTests.m in Sources */ = {isa = PBXBuildFile; fileRef = 12BDAF6C21AEAA2400139C45 /* MyAppTests.m */; };
		12BDAF7821AEAA2400139C45 /* MyAppUITests.m in Sources */ = {isa = PBXBuildFile; fileRef = 12BDAF7721AEAA2400139C45 /* MyAppUITests.m */; };
/* End PBXBuildFile section */

/* Begin PBXContainerItemProxy section */
		12BDAF6921AEAA2400139C45 /* PBXContainerItemProxy */ = {
			isa = PBXContainerItemProxy;
			containerPortal = 12BDAF4821AEAA2300139C45 /* Project object */;
			proxyType = 1;
			remoteGlobalIDString = 12BDAF4F21AEAA2300139C45;
			remoteInfo = MyApp;
		};
		12BDAF7421AEAA2400139C45 /* PBXContainerItemProxy */ = {
			isa = PBXContainerItemProxy;
			containerPortal = 12BDAF4821AEAA2300139C45 /* Project object */;
			proxyType = 1;
			remoteGlobalIDString = 12BDAF4F21AEAA2300139C45;
			remoteInfo = MyApp;
		};
/* End PBXContainerItemProxy section */

/* Begin PBXFileReference section */
		12BDAF5021AEAA2300139C45 /* MyApp.app */ = {isa = PBXFileReference; explicitFileType = wrapper.application; includeInIndex = 0; path = MyApp.app; sourceTree = BUILT_PRODUCTS_DIR; };
		12BDAF5321AEAA2300139C45 /* AppDelegate.h */ = {isa = PBXFileReference; lastKnownFileType = sourcecode.c.h; path = AppDelegate.h; sourceTree = "<group>"; };
		12BDAF5421AEAA2300139C45 /* AppDelegate.m */ = {isa = PBXFileReference; lastKnownFileType = sourcecode.c.objc; path = AppDelegate.m; sourceTree = "<group>"; };
		12BDAF5621AEAA2300139C45 /* ViewController.h */ = {isa = PBXFileReference; lastKnownFileType = sourcecode.c.h; path = ViewController.h; sourceTree = "<group>"; };
		12BDAF5721AEAA2300139C45 /* ViewController.m */ = {isa = PBXFileReference; lastKnownFileType = sourcecode.c.objc; path = ViewController.m; sourceTree = "<group>"; };
		12BDAF5A21AEAA2300139C45 /* Base */ = {isa = PBXFileReference; lastKnownFileType = file.storyboard; name = Base; path = Base.lproj/Main.storyboard; sourceTree = "<group>"; };
		12BDAF5C21AEAA2400139C45 /* Assets.xcassets */ = {isa = PBXFileReference; lastKnownFileType = folder.assetcatalog; path = Assets.xcassets; sourceTree = "<group>"; };
		12BDAF5F21AEAA2400139C45 /* Base */ = {isa = PBXFileReference; lastKnownFileType = file.storyboard; name = Base; path = Base.lproj/LaunchScreen.storyboard; sourceTree = "<group>"; };
		12BDAF6121AEAA2400139C45 /* Info.plist */ = {isa = PBXFileReference; lastKnownFileType = text.plist.xml; path = Info.plist; sourceTree = "<group>"; };
		12BDAF6221AEAA2400139C45 /* main.m */ = {isa = PBXFileReference; lastKnownFileType = sourcecode.c.objc; path = main.m; sourceTree = "<group>"; };
		12BDAF6821AEAA2400139C45 /* MyAppTests.xctest */ = {isa = PBXFileReference; explicitFileType = wrapper.cfbundle; includeInIndex = 0; path = MyAppTests.xctest; sourceTree = BUILT_PRODUCTS_DIR; };
		12BDAF6C21AEAA2400139C45 /* MyAppTests.m */ = {isa = PBXFileReference; lastKnownFileType = sourcecode.c.objc; path = MyAppTests.m; sourceTree = "<group>"; };
		12BDAF6E21AEAA2400139C45 /* Info.plist */ = {isa = PBXFileReference; lastKnownFileType = text.plist.xml; path = Info.plist; sourceTree = "<group>"; };
		12BDAF7321AEAA2400139C45 /* MyAppUITests.xctest */ = {isa = PBXFileReference; explicitFileType = wrapper.cfbundle; includeInIndex = 0; path = MyAppUITests.xctest; sourceTree = BUILT_PRODUCTS_DIR; };
		12BDAF7721AEAA2400139C45 /* MyAppUITests.m */ = {isa = PBXFileReference; lastKnownFileType = sourcecode.c.objc; path = MyAppUITests.m; sourceTree = "<group>"; };
		12BDAF7921AEAA2400139C45 /* Info.plist */ = {isa = PBXFileReference; lastKnownFileType = text.plist.xml; path = Info.plist; sourceTree = "<group>"; };
/* End PBXFileReference section */

/* Begin PBXFrameworksBuildPhase section */
		12BDAF4D21AEAA2300139C45 /* Frameworks */ = {
			isa = PBXFrameworksBuildPhase;
			buildActionMask = 2147483647;
			files = (
			);
			runOnlyForDeploymentPostprocessing = 0;
		};
		12BDAF6521AEAA2400139C45 /* Frameworks */ = {
			isa = PBXFrameworksBuildPhase;
			buildActionMask = 2147483647;
			files = (
			);
			runOnlyForDeploymentPostprocessing = 0;
		};
		12BDAF7021AEAA2400139C45 /* Frameworks */ = {
			isa = PBXFrameworksBuildPhase;
			buildActionMask = 2147483647;
			files = (
			);
			runOnlyForDeploymentPostprocessing = 0;
		};
/* End PBXFrameworksBuildPhase section */

/* Begin PBXGroup section */
		12BDAF4721AEAA2300139C45 = {
			isa = PBXGroup;
			children = (
				12BDAF5221AEAA2300139C45 /* MyApp */,
				12BDAF6B21AEAA2400139C45 /* MyAppTests */,
				12BDAF7621AEAA2400139C45 /* MyAppUITests */,
				12BDAF5121AEAA2300139C45 /* Products */,
			);
			sourceTree = "<group>";
		};
		12BDAF5121AEAA2300139C45 /* Products */ = {
			isa = PBXGroup;
			children = (
				12BDAF5021AEAA2300139C45 /* MyApp.app */,
				12BDAF6821AEAA2400139C45 /* MyAppTests.xctest */,
				12BDAF7321AEAA2400139C45 /* MyAppUITests.xctest */,
			);
			name = Products;
			sourceTree = "<group>";
		};
		12BDAF5221AEAA2300139C45 /* MyApp */ = {
			isa = PBXGroup;
			children = (
				12BDAF5321AEAA2300139C45 /* AppDelegate.h */,
				12BDAF5421AEAA2300139C45 /* AppDelegate.m */,
				12BDAF5621AEAA2300139C45 /* ViewController.h */,
				12BDAF5721AEAA2300139C45 /* ViewController.m */,
				12BDAF5921AEAA2300139C45 /* Main.storyboard */,
				12BDAF5C21AEAA2400139C45 /* Assets.xcassets */,
				12BDAF5E21AEAA2400139C45 /* LaunchScreen.storyboard */,
				12BDAF6121AEAA2400139C45 /* Info.plist */,
				12BDAF6221AEAA2400139C45 /* main.m */,
			);
			path = MyApp;
			sourceTree = "<group>";
		};
		12BDAF6B21AEAA2400139C45 /* MyAppTests */ = {
			isa = PBXGroup;
			children = (
				12BDAF6C21AEAA2400139C45 /* MyAppTests.m */,
				12BDAF6E21AEAA2400139C45 /* Info.plist */,
			);
			path = MyAppTests;
			sourceTree = "<group>";
		};
		12BDAF7621AEAA2400139C45 /* MyAppUITests */ = {
			isa = PBXGroup;
			children = (
				12BDAF7721AEAA2400139C45 /* MyAppUITests.m */,
				12BDAF7921AEAA2400139C45 /* Info.plist */,
			);
			path = MyAppUITests;
			sourceTree = "<group>";
		};
/* End PBXGroup section */

/* Begin PBXNativeTarget section */
		12BDAF4F21AEAA2300139C45 /* MyApp */ = {
			isa = PBXNativeTarget;
			buildConfigurationList = 12BDAF7C21AEAA2400139C45 /* Build configuration list for PBXNativeTarget "MyApp" */;
			buildPhases = (
				12BDAF4C21AEAA2300139C45 /* Sources */,
				12BDAF4D21AEAA2300139C45 /* Frameworks */,
				12BDAF4E21AEAA2300139C45 /* Resources */,
			);
			buildRules = (
			);
			dependencies = (
			);
			name = MyApp;
			productName = MyApp;
			productReference = 12BDAF5021AEAA2300139C45 /* MyApp.app */;
			productType = "com.apple.product-type.application";
		};
		12BDAF6721AEAA2400139C45 /* MyAppTests */ = {
			isa = PBXNativeTarget;
			buildConfigurationList = 12BDAF7F21AEAA2400139C45 /* Build configuration list for PBXNativeTarget "MyAppTests" */;
			buildPhases = (
				12BDAF6421AEAA2400139C45 /* Sources */,
				12BDAF6521AEAA2400139C45 /* Frameworks */,
				12BDAF6621AEAA2400139C45 /* Resources */,
			);
			buildRules = (
			);
			dependencies = (
				12BDAF6A21AEAA2400139C45 /* PBXTargetDependency */,
			);
			name = MyAppTests;
			productName = MyAppTests;
			productReference = 12BDAF6821AEAA2400139C45 /* MyAppTests.xctest */;
			productType = "com.apple.product-type.bundle.unit-test";
		};
		12BDAF7221AEAA2400139C45 /* MyAppUITests */ = {
			isa = PBXNativeTarget;
			buildConfigurationList = 12BDAF8221AEAA2400139C45 /* Build configuration list for PBXNativeTarget "MyAppUITests" */;
			buildPhases = (
				12BDAF6F21AEAA2400139C45 /* Sources */,
				12BDAF7021AEAA2400139C45 /* Frameworks */,
				12BDAF7121AEAA2400139C45 /* Resources */,
			);
			buildRules = (
			);
			dependencies = (
				12BDAF7521AEAA2400139C45 /* PBXTargetDependency */,
			);
			name = MyAppUITests;
			productName = MyAppUITests;
			productReference = 12BDAF7321AEAA2400139C45 /* MyAppUITests.xctest */;
			productType = "com.apple.product-type.bundle.ui-testing";
		};
/* End PBXNativeTarget section */

/* Begin PBXProject section */
		12BDAF4821AEAA2300139C45 /* Project object */ = {
			isa = PBXProject;
			attributes = {
				LastUpgradeCheck = 1010;
				ORGANIZATIONNAME = "Aaron Caines";
				TargetAttributes = {
					12BDAF4F21AEAA2300139C45 = {
						CreatedOnToolsVersion = 10.1;
					};
					12BDAF6721AEAA2400139C45 = {
						CreatedOnToolsVersion = 10.1;
						TestTargetID = 12BDAF4F21AEAA2300139C45;
					};
					12BDAF7221AEAA2400139C45 = {
						CreatedOnToolsVersion = 10.1;
						TestTargetID = 12BDAF4F21AEAA2300139C45;
					};
				};
			};
			buildConfigurationList = 12BDAF4B21AEAA2300139C45 /* Build configuration list for PBXProject "MyApp" */;
			compatibilityVersion = "Xcode 9.3";
			developmentRegion = en;
			hasScannedForEncodings = 0;
			knownRegions = (
				en,
				Base,
			);
			mainGroup = 12BDAF4721AEAA2300139C45;
			productRefGroup = 12BDAF5121AEAA2300139C45 /* Products */;
			projectDirPath = "";
			projectRoot = "";
			targets = (
				12BDAF4F21AEAA2300139C45 /* MyApp */,
				12BDAF6721AEAA2400139C45 /* MyAppTests */,
				12BDAF7221AEAA2400139C45 /* MyAppUITests */,
			);
		};
/* End PBXProject section */

/* Begin PBXResourcesBuildPhase section */
		12BDAF4E21AEAA2300139C45 /* Resources */ = {
			isa = PBXResourcesBuildPhase;
			buildActionMask = 2147483647;
			files = (
				12BDAF6021AEAA2400139C45 /* LaunchScreen.storyboard in Resources */,
				12BDAF5D21AEAA2400139C45 /* Assets.xcassets in Resources */,
				12BDAF5B21AEAA2300139C45 /* Main.storyboard in Resources */,
			);
			runOnlyForDeploymentPostprocessing = 0;
		};
		12BDAF6621AEAA2400139C45 /* Resources */ = {
			isa = PBXResourcesBuildPhase;
			buildActionMask = 2147483647;
			files = (
			);
			runOnlyForDeploymentPostprocessing = 0;
		};
		12BDAF7121AEAA2400139C45 /* Resources */ = {
			isa = PBXResourcesBuildPhase;
			buildActionMask = 2147483647;
			files = (
			);
			runOnlyForDeploymentPostprocessing = 0;
		};
/* End PBXResourcesBuildPhase section */

/* Begin PBXSourcesBuildPhase section */
		12BDAF4C21AEAA2300139C45 /* Sources */ = {
			isa = PBXSourcesBuildPhase;
			buildActionMask = 2147483647;
			files = (
				12BDAF5821AEAA2300139C45 /* ViewController.m in Sources */,
				12BDAF6321AEAA2400139C45 /* main.m in Sources */,
				12BDAF5521AEAA2300139C45 /* AppDelegate.m in Sources */,
			);
			runOnlyForDeploymentPostprocessing = 0;
		};
		12BDAF6421AEAA2400139C45 /* Sources */ = {
			isa = PBXSourcesBuildPhase;
			buildActionMask = 2147483647;
			files = (
				12BDAF6D21AEAA2400139C45 /* MyAppTests.m in Sources */,
			);
			runOnlyForDeploymentPostprocessing = 0;
		};
		12BDAF6F21AEAA2400139C45 /* Sources */ = {
			isa = PBXSourcesBuildPhase;
			buildActionMask = 2147483647;
			files = (
				12BDAF7821AEAA2400139C45 /* MyAppUITests.m in Sources */,
			);
			runOnlyForDeploymentPostprocessing = 0;
		};
/* End PBXSourcesBuildPhase section */

/* Begin PBXTargetDependency section */
		12BDAF6A21AEAA2400139C45 /* PBXTargetDependency */ = {
			isa = PBXTargetDependency;
			target = 12BDAF4F21AEAA2300139C45 /* MyApp */;
			targetProxy = 12BDAF6921AEAA2400139C45 /* PBXContainerItemProxy */;
		};
		12BDAF7521AEAA2400139C45 /* PBXTargetDependency */ = {
			isa = PBXTargetDependency;
			target = 12BDAF4F21AEAA2300139C45 /* MyApp */;
			targetProxy = 12BDAF7421AEAA2400139C45 /* PBXContainerItemProxy */;
		};
/* End PBXTargetDependency section */

/* Begin PBXVariantGroup section */
		12BDAF5921AEAA2300139C45 /* Main.storyboard */ = {
			isa = PBXVariantGroup;
			children = (
				12BDAF5A21AEAA2300139C45 /* Base */,
			);
			name = Main.storyboard;
			sourceTree = "<group>";
		};
		12BDAF5E21AEAA2400139C45 /* LaunchScreen.storyboard */ = {
			isa = PBXVariantGroup;
			children = (
				12BDAF5F21AEAA2400139C45 /* Base */,
			);
			name = LaunchScreen.storyboard;
			sourceTree = "<group>";
		};
/* End PBXVariantGroup section */

/* Begin XCBuildConfiguration section */
		12BDAF7A21AEAA2400139C45 /* Debug */ = {
			isa = XCBuildConfiguration;
			buildSettings = {
				ALWAYS_SEARCH_USER_PATHS = NO;
				CLANG_ANALYZER_NONNULL = YES;
				CLANG_ANALYZER_NUMBER_OBJECT_CONVERSION = YES_AGGRESSIVE;
				CLANG_CXX_LANGUAGE_STANDARD = "gnu++14";
				CLANG_CXX_LIBRARY = "libc++";
				CLANG_ENABLE_MODULES = YES;
				CLANG_ENABLE_OBJC_ARC = YES;
				CLANG_ENABLE_OBJC_WEAK = YES;
				CLANG_WARN_BLOCK_CAPTURE_AUTORELEASING = YES;
				CLANG_WARN_BOOL_CONVERSION = YES;
				CLANG_WARN_COMMA = YES;
				CLANG_WARN_CONSTANT_CONVERSION = YES;
				CLANG_WARN_DEPRECATED_OBJC_IMPLEMENTATIONS = YES;
				CLANG_WARN_DIRECT_OBJC_ISA_USAGE = YES_ERROR;
				CLANG_WARN_DOCUMENTATION_COMMENTS = YES;
				CLANG_WARN_EMPTY_BODY = YES;
				CLANG_WARN_ENUM_CONVERSION = YES;
				CLANG_WARN_INFINITE_RECURSION = YES;
				CLANG_WARN_INT_CONVERSION = YES;
				CLANG_WARN_NON_LITERAL_NULL_CONVERSION = YES;
				CLANG_WARN_OBJC_IMPLICIT_RETAIN_SELF = YES;
				CLANG_WARN_OBJC_LITERAL_CONVERSION = YES;
				CLANG_WARN_OBJC_ROOT_CLASS = YES_ERROR;
				CLANG_WARN_RANGE_LOOP_ANALYSIS = YES;
				CLANG_WARN_STRICT_PROTOTYPES = YES;
				CLANG_WARN_SUSPICIOUS_MOVE = YES;
				CLANG_WARN_UNGUARDED_AVAILABILITY = YES_AGGRESSIVE;
				CLANG_WARN_UNREACHABLE_CODE = YES;
				CLANG_WARN__DUPLICATE_METHOD_MATCH = YES;
				CODE_SIGN_IDENTITY = "iPhone Developer";
				COPY_PHASE_STRIP = NO;
				DEBUG_INFORMATION_FORMAT = dwarf;
				ENABLE_STRICT_OBJC_MSGSEND = YES;
				ENABLE_TESTABILITY = YES;
				GCC_C_LANGUAGE_STANDARD = gnu11;
				GCC_DYNAMIC_NO_PIC = NO;
				GCC_NO_COMMON_BLOCKS = YES;
				GCC_OPTIMIZATION_LEVEL = 0;
				GCC_PREPROCESSOR_DEFINITIONS = (
					"DEBUG=1",
					"$(inherited)",
				);
				GCC_WARN_64_TO_32_BIT_CONVERSION = YES;
				GCC_WARN_ABOUT_RETURN_TYPE = YES_ERROR;
				GCC_WARN_UNDECLARED_SELECTOR = YES;
				GCC_WARN_UNINITIALIZED_AUTOS = YES_AGGRESSIVE;
				GCC_WARN_UNUSED_FUNCTION = YES;
				GCC_WARN_UNUSED_VARIABLE = YES;
				IPHONEOS_DEPLOYMENT_TARGET = 12.1;
				MTL_ENABLE_DEBUG_INFO = INCLUDE_SOURCE;
				MTL_FAST_MATH = YES;
				ONLY_ACTIVE_ARCH = YES;
				SDKROOT = iphoneos;
			};
			name = Debug;
		};
		12BDAF7B21AEAA2400139C45 /* Release */ = {
			isa = XCBuildConfiguration;
			buildSettings = {
				ALWAYS_SEARCH_USER_PATHS = NO;
				CLANG_ANALYZER_NONNULL = YES;
				CLANG_ANALYZER_NUMBER_OBJECT_CONVERSION = YES_AGGRESSIVE;
				CLANG_CXX_LANGUAGE_STANDARD = "gnu++14";
				CLANG_CXX_LIBRARY = "libc++";
				CLANG_ENABLE_MODULES = YES;
				CLANG_ENABLE_OBJC_ARC = YES;
				CLANG_ENABLE_OBJC_WEAK = YES;
				CLANG_WARN_BLOCK_CAPTURE_AUTORELEASING = YES;
				CLANG_WARN_BOOL_CONVERSION = YES;
				CLANG_WARN_COMMA = YES;
				CLANG_WARN_CONSTANT_CONVERSION = YES;
				CLANG_WARN_DEPRECATED_OBJC_IMPLEMENTATIONS = YES;
				CLANG_WARN_DIRECT_OBJC_ISA_USAGE = YES_ERROR;
				CLANG_WARN_DOCUMENTATION_COMMENTS = YES;
				CLANG_WARN_EMPTY_BODY = YES;
				CLANG_WARN_ENUM_CONVERSION = YES;
				CLANG_WARN_INFINITE_RECURSION = YES;
				CLANG_WARN_INT_CONVERSION = YES;
				CLANG_WARN_NON_LITERAL_NULL_CONVERSION = YES;
				CLANG_WARN_OBJC_IMPLICIT_RETAIN_SELF = YES;
				CLANG_WARN_OBJC_LITERAL_CONVERSION = YES;
				CLANG_WARN_OBJC_ROOT_CLASS = YES_ERROR;
				CLANG_WARN_RANGE_LOOP_ANALYSIS = YES;
				CLANG_WARN_STRICT_PROTOTYPES = YES;
				CLANG_WARN_SUSPICIOUS_MOVE = YES;
				CLANG_WARN_UNGUARDED_AVAILABILITY = YES_AGGRESSIVE;
				CLANG_WARN_UNREACHABLE_CODE = YES;
				CLANG_WARN__DUPLICATE_METHOD_MATCH = YES;
				CODE_SIGN_IDENTITY = "iPhone Developer";
				COPY_PHASE_STRIP = NO;
				DEBUG_INFORMATION_FORMAT = "dwarf-with-dsym";
				ENABLE_NS_ASSERTIONS = NO;
				ENABLE_STRICT_OBJC_MSGSEND = YES;
				GCC_C_LANGUAGE_STANDARD = gnu11;
				GCC_NO_COMMON_BLOCKS = YES;
				GCC_WARN_64_TO_32_BIT_CONVERSION = YES;
				GCC_WARN_ABOUT_RETURN_TYPE = YES_ERROR;
				GCC_WARN_UNDECLARED_SELECTOR = YES;
				GCC_WARN_UNINITIALIZED_AUTOS = YES_AGGRESSIVE;
				GCC_WARN_UNUSED_FUNCTION = YES;
				GCC_WARN_UNUSED_VARIABLE = YES;
				IPHONEOS_DEPLOYMENT_TARGET = 12.1;
				MTL_ENABLE_DEBUG_INFO = NO;
				MTL_FAST_MATH = YES;
				SDKROOT = iphoneos;
				VALIDATE_PRODUCT = YES;
			};
			name = Release;
		};
		12BDAF7D21AEAA2400139C45 /* Debug */ = {
			isa = XCBuildConfiguration;
			buildSettings = {
				ASSETCATALOG_COMPILER_APPICON_NAME = AppIcon;
				CODE_SIGN_STYLE = Automatic;
				DEVELOPMENT_TEAM = GR8YTJP3JY;
				INFOPLIST_FILE = MyApp/Info.plist;
				LD_RUNPATH_SEARCH_PATHS = (
					"$(inherited)",
					"@executable_path/Frameworks",
				);
				PRODUCT_BUNDLE_IDENTIFIER = com.geekylemondevelopment.MyApp;
				PRODUCT_NAME = "$(TARGET_NAME)";
				TARGETED_DEVICE_FAMILY = "1,2";
			};
			name = Debug;
		};
		12BDAF7E21AEAA2400139C45 /* Release */ = {
			isa = XCBuildConfiguration;
			buildSettings = {
				ASSETCATALOG_COMPILER_APPICON_NAME = AppIcon;
				CODE_SIGN_STYLE = Automatic;
				DEVELOPMENT_TEAM = GR8YTJP3JY;
				INFOPLIST_FILE = MyApp/Info.plist;
				LD_RUNPATH_SEARCH_PATHS = (
					"$(inherited)",
					"@executable_path/Frameworks",
				);
				PRODUCT_BUNDLE_IDENTIFIER = com.geekylemondevelopment.MyApp;
				PRODUCT_NAME = "$(TARGET_NAME)";
				TARGETED_DEVICE_FAMILY = "1,2";
			};
			name = Release;
		};
		12BDAF8021AEAA2400139C45 /* Debug */ = {
			isa = XCBuildConfiguration;
			buildSettings = {
				BUNDLE_LOADER = "$(TEST_HOST)";
				CODE_SIGN_STYLE = Automatic;
				DEVELOPMENT_TEAM = GR8YTJP3JY;
				INFOPLIST_FILE = MyAppTests/Info.plist;
				LD_RUNPATH_SEARCH_PATHS = (
					"$(inherited)",
					"@executable_path/Frameworks",
					"@loader_path/Frameworks",
				);
				PRODUCT_BUNDLE_IDENTIFIER = com.geekylemondevelopment.MyAppTests;
				PRODUCT_NAME = "$(TARGET_NAME)";
				TARGETED_DEVICE_FAMILY = "1,2";
				TEST_HOST = "$(BUILT_PRODUCTS_DIR)/MyApp.app/MyApp";
			};
			name = Debug;
		};
		12BDAF8121AEAA2400139C45 /* Release */ = {
			isa = XCBuildConfiguration;
			buildSettings = {
				BUNDLE_LOADER = "$(TEST_HOST)";
				CODE_SIGN_STYLE = Automatic;
				DEVELOPMENT_TEAM = GR8YTJP3JY;
				INFOPLIST_FILE = MyAppTests/Info.plist;
				LD_RUNPATH_SEARCH_PATHS = (
					"$(inherited)",
					"@executable_path/Frameworks",
					"@loader_path/Frameworks",
				);
				PRODUCT_BUNDLE_IDENTIFIER = com.geekylemondevelopment.MyAppTests;
				PRODUCT_NAME = "$(TARGET_NAME)";
				TARGETED_DEVICE_FAMILY = "1,2";
				TEST_HOST = "$(BUILT_PRODUCTS_DIR)/MyApp.app/MyApp";
			};
			name = Release;
		};
		12BDAF8321AEAA2400139C45 /* Debug */ = {
			isa = XCBuildConfiguration;
			buildSettings = {
				CODE_SIGN_STYLE = Automatic;
				DEVELOPMENT_TEAM = GR8YTJP3JY;
				INFOPLIST_FILE = MyAppUITests/Info.plist;
				LD_RUNPATH_SEARCH_PATHS = (
					"$(inherited)",
					"@executable_path/Frameworks",
					"@loader_path/Frameworks",
				);
				PRODUCT_BUNDLE_IDENTIFIER = com.geekylemondevelopment.MyAppUITests;
				PRODUCT_NAME = "$(TARGET_NAME)";
				TARGETED_DEVICE_FAMILY = "1,2";
				TEST_TARGET_NAME = MyApp;
			};
			name = Debug;
		};
		12BDAF8421AEAA2400139C45 /* Release */ = {
			isa = XCBuildConfiguration;
			buildSettings = {
				CODE_SIGN_STYLE = Automatic;
				DEVELOPMENT_TEAM = GR8YTJP3JY;
				INFOPLIST_FILE = MyAppUITests/Info.plist;
				LD_RUNPATH_SEARCH_PATHS = (
					"$(inherited)",
					"@executable_path/Frameworks",
					"@loader_path/Frameworks",
				);
				PRODUCT_BUNDLE_IDENTIFIER = com.geekylemondevelopment.MyAppUITests;
				PRODUCT_NAME = "$(TARGET_NAME)";
				TARGETED_DEVICE_FAMILY = "1,2";
				TEST_TARGET_NAME = MyApp;
			};
			name = Release;
		};
/* End XCBuildConfiguration section */

/* Begin XCConfigurationList section */
		12BDAF4B21AEAA2300139C45 /* Build configuration list for PBXProject "MyApp" */ = {
			isa = XCConfigurationList;
			buildConfigurations = (
				12BDAF7A21AEAA2400139C45 /* Debug */,
				12BDAF7B21AEAA2400139C45 /* Release */,
			);
			defaultConfigurationIsVisible = 0;
			defaultConfigurationName = Release;
		};
		12BDAF7C21AEAA2400139C45 /* Build configuration list for PBXNativeTarget "MyApp" */ = {
			isa = XCConfigurationList;
			buildConfigurations = (
				12BDAF7D21AEAA2400139C45 /* Debug */,
				12BDAF7E21AEAA2400139C45 /* Release */,
			);
			defaultConfigurationIsVisible = 0;
			defaultConfigurationName = Release;
		};
		12BDAF7F21AEAA2400139C45 /* Build configuration list for PBXNativeTarget "MyAppTests" */ = {
			isa = XCConfigurationList;
			buildConfigurations = (
				12BDAF8021AEAA2400139C45 /* Debug */,
				12BDAF8121AEAA2400139C45 /* Release */,
			);
			defaultConfigurationIsVisible = 0;
			defaultConfigurationName = Release;
		};
		12BDAF8221AEAA2400139C45 /* Build configuration list for PBXNativeTarget "MyAppUITests" */ = {
			isa = XCConfigurationList;
			buildConfigurations = (
				12BDAF8321AEAA2400139C45 /* Debug */,
				12BDAF8421AEAA2400139C45 /* Release */,
			);
			defaultConfigurationIsVisible = 0;
			defaultConfigurationName = Release;
		};
/* End XCConfigurationList section */
	};
	rootObject = 12BDAF4821AEAA2300139C45 /* Project object */;
}
