// !$*UTF8*$!
{
	archiveVersion = 1;
	classes = {
	};
	objectVersion = 50;
	objects = {

/* Begin PBXBuildFile section */
		06BC20FC26CAA89300B49116 /* AppDelegate.m in Sources */ = {isa = PBXBuildFile; fileRef = 06BC20FB26CAA89300B49116 /* AppDelegate.m */; };
		06BC20FF26CAA89300B49116 /* ViewController.m in Sources */ = {isa = PBXBuildFile; fileRef = 06BC20FE26CAA89300B49116 /* ViewController.m */; };
		06BC210226CAA89300B49116 /* Main.storyboard in Resources */ = {isa = PBXBuildFile; fileRef = 06BC210026CAA89300B49116 /* Main.storyboard */; };
		06BC210426CAA89400B49116 /* Assets.xcassets in Resources */ = {isa = PBXBuildFile; fileRef = 06BC210326CAA89400B49116 /* Assets.xcassets */; };
		06BC210726CAA89400B49116 /* LaunchScreen.storyboard in Resources */ = {isa = PBXBuildFile; fileRef = 06BC210526CAA89400B49116 /* LaunchScreen.storyboard */; };
		06BC210A26CAA89400B49116 /* main.m in Sources */ = {isa = PBXBuildFile; fileRef = 06BC210926CAA89400B49116 /* main.m */; };
		06BC211426CAA89400B49116 /* intTests.m in Sources */ = {isa = PBXBuildFile; fileRef = 06BC211326CAA89400B49116 /* intTests.m */; };
		06BC211F26CAA89400B49116 /* intUITests.m in Sources */ = {isa = PBXBuildFile; fileRef = 06BC211E26CAA89400B49116 /* intUITests.m */; };
/* End PBXBuildFile section */

/* Begin PBXContainerItemProxy section */
		06BC211026CAA89400B49116 /* PBXContainerItemProxy */ = {
			isa = PBXContainerItemProxy;
			containerPortal = 06BC20EF26CAA89300B49116 /* Project object */;
			proxyType = 1;
			remoteGlobalIDString = 06BC20F626CAA89300B49116;
			remoteInfo = int;
		};
		06BC211B26CAA89400B49116 /* PBXContainerItemProxy */ = {
			isa = PBXContainerItemProxy;
			containerPortal = 06BC20EF26CAA89300B49116 /* Project object */;
			proxyType = 1;
			remoteGlobalIDString = 06BC20F626CAA89300B49116;
			remoteInfo = int;
		};
/* End PBXContainerItemProxy section */

/* Begin PBXFileReference section */
		06BC20F726CAA89300B49116 /* int.app */ = {isa = PBXFileReference; explicitFileType = wrapper.application; includeInIndex = 0; path = int.app; sourceTree = BUILT_PRODUCTS_DIR; };
		06BC20FA26CAA89300B49116 /* AppDelegate.h */ = {isa = PBXFileReference; lastKnownFileType = sourcecode.c.h; path = AppDelegate.h; sourceTree = "<group>"; };
		06BC20FB26CAA89300B49116 /* AppDelegate.m */ = {isa = PBXFileReference; lastKnownFileType = sourcecode.c.objc; path = AppDelegate.m; sourceTree = "<group>"; };
		06BC20FD26CAA89300B49116 /* ViewController.h */ = {isa = PBXFileReference; lastKnownFileType = sourcecode.c.h; path = ViewController.h; sourceTree = "<group>"; };
		06BC20FE26CAA89300B49116 /* ViewController.m */ = {isa = PBXFileReference; lastKnownFileType = sourcecode.c.objc; path = ViewController.m; sourceTree = "<group>"; };
		06BC210126CAA89300B49116 /* Base */ = {isa = PBXFileReference; lastKnownFileType = file.storyboard; name = Base; path = Base.lproj/Main.storyboard; sourceTree = "<group>"; };
		06BC210326CAA89400B49116 /* Assets.xcassets */ = {isa = PBXFileReference; lastKnownFileType = folder.assetcatalog; path = Assets.xcassets; sourceTree = "<group>"; };
		06BC210626CAA89400B49116 /* Base */ = {isa = PBXFileReference; lastKnownFileType = file.storyboard; name = Base; path = Base.lproj/LaunchScreen.storyboard; sourceTree = "<group>"; };
		06BC210826CAA89400B49116 /* Info.plist */ = {isa = PBXFileReference; lastKnownFileType = text.plist.xml; path = Info.plist; sourceTree = "<group>"; };
		06BC210926CAA89400B49116 /* main.m */ = {isa = PBXFileReference; lastKnownFileType = sourcecode.c.objc; path = main.m; sourceTree = "<group>"; };
		06BC210F26CAA89400B49116 /* intTests.xctest */ = {isa = PBXFileReference; explicitFileType = wrapper.cfbundle; includeInIndex = 0; path = intTests.xctest; sourceTree = BUILT_PRODUCTS_DIR; };
		06BC211326CAA89400B49116 /* intTests.m */ = {isa = PBXFileReference; lastKnownFileType = sourcecode.c.objc; path = intTests.m; sourceTree = "<group>"; };
		06BC211526CAA89400B49116 /* Info.plist */ = {isa = PBXFileReference; lastKnownFileType = text.plist.xml; path = Info.plist; sourceTree = "<group>"; };
		06BC211A26CAA89400B49116 /* intUITests.xctest */ = {isa = PBXFileReference; explicitFileType = wrapper.cfbundle; includeInIndex = 0; path = intUITests.xctest; sourceTree = BUILT_PRODUCTS_DIR; };
		06BC211E26CAA89400B49116 /* intUITests.m */ = {isa = PBXFileReference; lastKnownFileType = sourcecode.c.objc; path = intUITests.m; sourceTree = "<group>"; };
		06BC212026CAA89400B49116 /* Info.plist */ = {isa = PBXFileReference; lastKnownFileType = text.plist.xml; path = Info.plist; sourceTree = "<group>"; };
/* End PBXFileReference section */

/* Begin PBXFrameworksBuildPhase section */
		06BC20F426CAA89300B49116 /* Frameworks */ = {
			isa = PBXFrameworksBuildPhase;
			buildActionMask = 2147483647;
			files = (
			);
			runOnlyForDeploymentPostprocessing = 0;
		};
		06BC210C26CAA89400B49116 /* Frameworks */ = {
			isa = PBXFrameworksBuildPhase;
			buildActionMask = 2147483647;
			files = (
			);
			runOnlyForDeploymentPostprocessing = 0;
		};
		06BC211726CAA89400B49116 /* Frameworks */ = {
			isa = PBXFrameworksBuildPhase;
			buildActionMask = 2147483647;
			files = (
			);
			runOnlyForDeploymentPostprocessing = 0;
		};
/* End PBXFrameworksBuildPhase section */

/* Begin PBXGroup section */
		06BC20EE26CAA89300B49116 = {
			isa = PBXGroup;
			children = (
				06BC20F926CAA89300B49116 /* int */,
				06BC211226CAA89400B49116 /* intTests */,
				06BC211D26CAA89400B49116 /* intUITests */,
				06BC20F826CAA89300B49116 /* Products */,
			);
			sourceTree = "<group>";
		};
		06BC20F826CAA89300B49116 /* Products */ = {
			isa = PBXGroup;
			children = (
				06BC20F726CAA89300B49116 /* int.app */,
				06BC210F26CAA89400B49116 /* intTests.xctest */,
				06BC211A26CAA89400B49116 /* intUITests.xctest */,
			);
			name = Products;
			sourceTree = "<group>";
		};
		06BC20F926CAA89300B49116 /* int */ = {
			isa = PBXGroup;
			children = (
				06BC20FA26CAA89300B49116 /* AppDelegate.h */,
				06BC20FB26CAA89300B49116 /* AppDelegate.m */,
				06BC20FD26CAA89300B49116 /* ViewController.h */,
				06BC20FE26CAA89300B49116 /* ViewController.m */,
				06BC210026CAA89300B49116 /* Main.storyboard */,
				06BC210326CAA89400B49116 /* Assets.xcassets */,
				06BC210526CAA89400B49116 /* LaunchScreen.storyboard */,
				06BC210826CAA89400B49116 /* Info.plist */,
				06BC210926CAA89400B49116 /* main.m */,
			);
			path = int;
			sourceTree = "<group>";
		};
		06BC211226CAA89400B49116 /* intTests */ = {
			isa = PBXGroup;
			children = (
				06BC211326CAA89400B49116 /* intTests.m */,
				06BC211526CAA89400B49116 /* Info.plist */,
			);
			path = intTests;
			sourceTree = "<group>";
		};
		06BC211D26CAA89400B49116 /* intUITests */ = {
			isa = PBXGroup;
			children = (
				06BC211E26CAA89400B49116 /* intUITests.m */,
				06BC212026CAA89400B49116 /* Info.plist */,
			);
			path = intUITests;
			sourceTree = "<group>";
		};
/* End PBXGroup section */

/* Begin PBXNativeTarget section */
		06BC20F626CAA89300B49116 /* int */ = {
			isa = PBXNativeTarget;
			buildConfigurationList = 06BC212326CAA89400B49116 /* Build configuration list for PBXNativeTarget "int" */;
			buildPhases = (
				06BC20F326CAA89300B49116 /* Sources */,
				06BC20F426CAA89300B49116 /* Frameworks */,
				06BC20F526CAA89300B49116 /* Resources */,
			);
			buildRules = (
			);
			dependencies = (
			);
			name = int;
			productName = int;
			productReference = 06BC20F726CAA89300B49116 /* int.app */;
			productType = "com.apple.product-type.application";
		};
		06BC210E26CAA89400B49116 /* intTests */ = {
			isa = PBXNativeTarget;
			buildConfigurationList = 06BC212626CAA89400B49116 /* Build configuration list for PBXNativeTarget "intTests" */;
			buildPhases = (
				06BC210B26CAA89400B49116 /* Sources */,
				06BC210C26CAA89400B49116 /* Frameworks */,
				06BC210D26CAA89400B49116 /* Resources */,
			);
			buildRules = (
			);
			dependencies = (
				06BC211126CAA89400B49116 /* PBXTargetDependency */,
			);
			name = intTests;
			productName = intTests;
			productReference = 06BC210F26CAA89400B49116 /* intTests.xctest */;
			productType = "com.apple.product-type.bundle.unit-test";
		};
		06BC211926CAA89400B49116 /* intUITests */ = {
			isa = PBXNativeTarget;
			buildConfigurationList = 06BC212926CAA89400B49116 /* Build configuration list for PBXNativeTarget "intUITests" */;
			buildPhases = (
				06BC211626CAA89400B49116 /* Sources */,
				06BC211726CAA89400B49116 /* Frameworks */,
				06BC211826CAA89400B49116 /* Resources */,
			);
			buildRules = (
			);
			dependencies = (
				06BC211C26CAA89400B49116 /* PBXTargetDependency */,
			);
			name = intUITests;
			productName = intUITests;
			productReference = 06BC211A26CAA89400B49116 /* intUITests.xctest */;
			productType = "com.apple.product-type.bundle.ui-testing";
		};
/* End PBXNativeTarget section */

/* Begin PBXProject section */
		06BC20EF26CAA89300B49116 /* Project object */ = {
			isa = PBXProject;
			attributes = {
				LastUpgradeCheck = 1010;
				ORGANIZATIONNAME = "Pradip Gareja";
				TargetAttributes = {
					06BC20F626CAA89300B49116 = {
						CreatedOnToolsVersion = 10.1;
					};
					06BC210E26CAA89400B49116 = {
						CreatedOnToolsVersion = 10.1;
						TestTargetID = 06BC20F626CAA89300B49116;
					};
					06BC211926CAA89400B49116 = {
						CreatedOnToolsVersion = 10.1;
						TestTargetID = 06BC20F626CAA89300B49116;
					};
				};
			};
			buildConfigurationList = 06BC20F226CAA89300B49116 /* Build configuration list for PBXProject "int" */;
			compatibilityVersion = "Xcode 9.3";
			developmentRegion = en;
			hasScannedForEncodings = 0;
			knownRegions = (
				en,
				Base,
			);
			mainGroup = 06BC20EE26CAA89300B49116;
			productRefGroup = 06BC20F826CAA89300B49116 /* Products */;
			projectDirPath = "";
			projectRoot = "";
			targets = (
				06BC20F626CAA89300B49116 /* int */,
				06BC210E26CAA89400B49116 /* intTests */,
				06BC211926CAA89400B49116 /* intUITests */,
			);
		};
/* End PBXProject section */

/* Begin PBXResourcesBuildPhase section */
		06BC20F526CAA89300B49116 /* Resources */ = {
			isa = PBXResourcesBuildPhase;
			buildActionMask = 2147483647;
			files = (
				06BC210726CAA89400B49116 /* LaunchScreen.storyboard in Resources */,
				06BC210426CAA89400B49116 /* Assets.xcassets in Resources */,
				06BC210226CAA89300B49116 /* Main.storyboard in Resources */,
			);
			runOnlyForDeploymentPostprocessing = 0;
		};
		06BC210D26CAA89400B49116 /* Resources */ = {
			isa = PBXResourcesBuildPhase;
			buildActionMask = 2147483647;
			files = (
			);
			runOnlyForDeploymentPostprocessing = 0;
		};
		06BC211826CAA89400B49116 /* Resources */ = {
			isa = PBXResourcesBuildPhase;
			buildActionMask = 2147483647;
			files = (
			);
			runOnlyForDeploymentPostprocessing = 0;
		};
/* End PBXResourcesBuildPhase section */

/* Begin PBXSourcesBuildPhase section */
		06BC20F326CAA89300B49116 /* Sources */ = {
			isa = PBXSourcesBuildPhase;
			buildActionMask = 2147483647;
			files = (
				06BC20FF26CAA89300B49116 /* ViewController.m in Sources */,
				06BC210A26CAA89400B49116 /* main.m in Sources */,
				06BC20FC26CAA89300B49116 /* AppDelegate.m in Sources */,
			);
			runOnlyForDeploymentPostprocessing = 0;
		};
		06BC210B26CAA89400B49116 /* Sources */ = {
			isa = PBXSourcesBuildPhase;
			buildActionMask = 2147483647;
			files = (
				06BC211426CAA89400B49116 /* intTests.m in Sources */,
			);
			runOnlyForDeploymentPostprocessing = 0;
		};
		06BC211626CAA89400B49116 /* Sources */ = {
			isa = PBXSourcesBuildPhase;
			buildActionMask = 2147483647;
			files = (
				06BC211F26CAA89400B49116 /* intUITests.m in Sources */,
			);
			runOnlyForDeploymentPostprocessing = 0;
		};
/* End PBXSourcesBuildPhase section */

/* Begin PBXTargetDependency section */
		06BC211126CAA89400B49116 /* PBXTargetDependency */ = {
			isa = PBXTargetDependency;
			target = 06BC20F626CAA89300B49116 /* int */;
			targetProxy = 06BC211026CAA89400B49116 /* PBXContainerItemProxy */;
		};
		06BC211C26CAA89400B49116 /* PBXTargetDependency */ = {
			isa = PBXTargetDependency;
			target = 06BC20F626CAA89300B49116 /* int */;
			targetProxy = 06BC211B26CAA89400B49116 /* PBXContainerItemProxy */;
		};
/* End PBXTargetDependency section */

/* Begin PBXVariantGroup section */
		06BC210026CAA89300B49116 /* Main.storyboard */ = {
			isa = PBXVariantGroup;
			children = (
				06BC210126CAA89300B49116 /* Base */,
			);
			name = Main.storyboard;
			sourceTree = "<group>";
		};
		06BC210526CAA89400B49116 /* LaunchScreen.storyboard */ = {
			isa = PBXVariantGroup;
			children = (
				06BC210626CAA89400B49116 /* Base */,
			);
			name = LaunchScreen.storyboard;
			sourceTree = "<group>";
		};
/* End PBXVariantGroup section */

/* Begin XCBuildConfiguration section */
		06BC212126CAA89400B49116 /* Debug */ = {
			isa = XCBuildConfiguration;
			buildSettings = {
				ALWAYS_SEARCH_USER_PATHS = NO;
				CLANG_ANALYZER_NONNULL = YES;
				CLANG_ANALYZER_NUMBER_OBJECT_CONVERSION = YES_AGGRESSIVE;
				CLANG_CXX_LANGUAGE_STANDARD = "gnu++14";
				CLANG_CXX_LIBRARY = "libc++";
				CLANG_ENABLE_MODULES = YES;
				CLANG_ENABLE_OBJC_ARC = YES;
				CLANG_ENABLE_OBJC_WEAK = YES;
				CLANG_WARN_BLOCK_CAPTURE_AUTORELEASING = YES;
				CLANG_WARN_BOOL_CONVERSION = YES;
				CLANG_WARN_COMMA = YES;
				CLANG_WARN_CONSTANT_CONVERSION = YES;
				CLANG_WARN_DEPRECATED_OBJC_IMPLEMENTATIONS = YES;
				CLANG_WARN_DIRECT_OBJC_ISA_USAGE = YES_ERROR;
				CLANG_WARN_DOCUMENTATION_COMMENTS = YES;
				CLANG_WARN_EMPTY_BODY = YES;
				CLANG_WARN_ENUM_CONVERSION = YES;
				CLANG_WARN_INFINITE_RECURSION = YES;
				CLANG_WARN_INT_CONVERSION = YES;
				CLANG_WARN_NON_LITERAL_NULL_CONVERSION = YES;
				CLANG_WARN_OBJC_IMPLICIT_RETAIN_SELF = YES;
				CLANG_WARN_OBJC_LITERAL_CONVERSION = YES;
				CLANG_WARN_OBJC_ROOT_CLASS = YES_ERROR;
				CLANG_WARN_RANGE_LOOP_ANALYSIS = YES;
				CLANG_WARN_STRICT_PROTOTYPES = YES;
				CLANG_WARN_SUSPICIOUS_MOVE = YES;
				CLANG_WARN_UNGUARDED_AVAILABILITY = YES_AGGRESSIVE;
				CLANG_WARN_UNREACHABLE_CODE = YES;
				CLANG_WARN__DUPLICATE_METHOD_MATCH = YES;
				CODE_SIGN_IDENTITY = "iPhone Developer";
				COPY_PHASE_STRIP = NO;
				DEBUG_INFORMATION_FORMAT = dwarf;
				ENABLE_STRICT_OBJC_MSGSEND = YES;
				ENABLE_TESTABILITY = YES;
				GCC_C_LANGUAGE_STANDARD = gnu11;
				GCC_DYNAMIC_NO_PIC = NO;
				GCC_NO_COMMON_BLOCKS = YES;
				GCC_OPTIMIZATION_LEVEL = 0;
				GCC_PREPROCESSOR_DEFINITIONS = (
					"DEBUG=1",
					"$(inherited)",
				);
				GCC_WARN_64_TO_32_BIT_CONVERSION = YES;
				GCC_WARN_ABOUT_RETURN_TYPE = YES_ERROR;
				GCC_WARN_UNDECLARED_SELECTOR = YES;
				GCC_WARN_UNINITIALIZED_AUTOS = YES_AGGRESSIVE;
				GCC_WARN_UNUSED_FUNCTION = YES;
				GCC_WARN_UNUSED_VARIABLE = YES;
				IPHONEOS_DEPLOYMENT_TARGET = 12.1;
				MTL_ENABLE_DEBUG_INFO = INCLUDE_SOURCE;
				MTL_FAST_MATH = YES;
				ONLY_ACTIVE_ARCH = YES;
				SDKROOT = iphoneos;
			};
			name = Debug;
		};
		06BC212226CAA89400B49116 /* Release */ = {
			isa = XCBuildConfiguration;
			buildSettings = {
				ALWAYS_SEARCH_USER_PATHS = NO;
				CLANG_ANALYZER_NONNULL = YES;
				CLANG_ANALYZER_NUMBER_OBJECT_CONVERSION = YES_AGGRESSIVE;
				CLANG_CXX_LANGUAGE_STANDARD = "gnu++14";
				CLANG_CXX_LIBRARY = "libc++";
				CLANG_ENABLE_MODULES = YES;
				CLANG_ENABLE_OBJC_ARC = YES;
				CLANG_ENABLE_OBJC_WEAK = YES;
				CLANG_WARN_BLOCK_CAPTURE_AUTORELEASING = YES;
				CLANG_WARN_BOOL_CONVERSION = YES;
				CLANG_WARN_COMMA = YES;
				CLANG_WARN_CONSTANT_CONVERSION = YES;
				CLANG_WARN_DEPRECATED_OBJC_IMPLEMENTATIONS = YES;
				CLANG_WARN_DIRECT_OBJC_ISA_USAGE = YES_ERROR;
				CLANG_WARN_DOCUMENTATION_COMMENTS = YES;
				CLANG_WARN_EMPTY_BODY = YES;
				CLANG_WARN_ENUM_CONVERSION = YES;
				CLANG_WARN_INFINITE_RECURSION = YES;
				CLANG_WARN_INT_CONVERSION = YES;
				CLANG_WARN_NON_LITERAL_NULL_CONVERSION = YES;
				CLANG_WARN_OBJC_IMPLICIT_RETAIN_SELF = YES;
				CLANG_WARN_OBJC_LITERAL_CONVERSION = YES;
				CLANG_WARN_OBJC_ROOT_CLASS = YES_ERROR;
				CLANG_WARN_RANGE_LOOP_ANALYSIS = YES;
				CLANG_WARN_STRICT_PROTOTYPES = YES;
				CLANG_WARN_SUSPICIOUS_MOVE = YES;
				CLANG_WARN_UNGUARDED_AVAILABILITY = YES_AGGRESSIVE;
				CLANG_WARN_UNREACHABLE_CODE = YES;
				CLANG_WARN__DUPLICATE_METHOD_MATCH = YES;
				CODE_SIGN_IDENTITY = "iPhone Developer";
				COPY_PHASE_STRIP = NO;
				DEBUG_INFORMATION_FORMAT = "dwarf-with-dsym";
				ENABLE_NS_ASSERTIONS = NO;
				ENABLE_STRICT_OBJC_MSGSEND = YES;
				GCC_C_LANGUAGE_STANDARD = gnu11;
				GCC_NO_COMMON_BLOCKS = YES;
				GCC_WARN_64_TO_32_BIT_CONVERSION = YES;
				GCC_WARN_ABOUT_RETURN_TYPE = YES_ERROR;
				GCC_WARN_UNDECLARED_SELECTOR = YES;
				GCC_WARN_UNINITIALIZED_AUTOS = YES_AGGRESSIVE;
				GCC_WARN_UNUSED_FUNCTION = YES;
				GCC_WARN_UNUSED_VARIABLE = YES;
				IPHONEOS_DEPLOYMENT_TARGET = 12.1;
				MTL_ENABLE_DEBUG_INFO = NO;
				MTL_FAST_MATH = YES;
				SDKROOT = iphoneos;
				VALIDATE_PRODUCT = YES;
			};
			name = Release;
		};
		06BC212426CAA89400B49116 /* Debug */ = {
			isa = XCBuildConfiguration;
			buildSettings = {
				ASSETCATALOG_COMPILER_APPICON_NAME = AppIcon;
				CODE_SIGN_STYLE = Automatic;
				INFOPLIST_FILE = int/Info.plist;
				LD_RUNPATH_SEARCH_PATHS = (
					"$(inherited)",
					"@executable_path/Frameworks",
				);
				PRODUCT_BUNDLE_IDENTIFIER = ownlight.int;
				PRODUCT_NAME = "$(TARGET_NAME)";
				TARGETED_DEVICE_FAMILY = "1,2";
			};
			name = Debug;
		};
		06BC212526CAA89400B49116 /* Release */ = {
			isa = XCBuildConfiguration;
			buildSettings = {
				ASSETCATALOG_COMPILER_APPICON_NAME = AppIcon;
				CODE_SIGN_STYLE = Automatic;
				INFOPLIST_FILE = int/Info.plist;
				LD_RUNPATH_SEARCH_PATHS = (
					"$(inherited)",
					"@executable_path/Frameworks",
				);
				PRODUCT_BUNDLE_IDENTIFIER = ownlight.int;
				PRODUCT_NAME = "$(TARGET_NAME)";
				TARGETED_DEVICE_FAMILY = "1,2";
			};
			name = Release;
		};
		06BC212726CAA89400B49116 /* Debug */ = {
			isa = XCBuildConfiguration;
			buildSettings = {
				BUNDLE_LOADER = "$(TEST_HOST)";
				CODE_SIGN_STYLE = Automatic;
				INFOPLIST_FILE = intTests/Info.plist;
				LD_RUNPATH_SEARCH_PATHS = (
					"$(inherited)",
					"@executable_path/Frameworks",
					"@loader_path/Frameworks",
				);
				PRODUCT_BUNDLE_IDENTIFIER = ownlight.intTests;
				PRODUCT_NAME = "$(TARGET_NAME)";
				TARGETED_DEVICE_FAMILY = "1,2";
				TEST_HOST = "$(BUILT_PRODUCTS_DIR)/int.app/int";
			};
			name = Debug;
		};
		06BC212826CAA89400B49116 /* Release */ = {
			isa = XCBuildConfiguration;
			buildSettings = {
				BUNDLE_LOADER = "$(TEST_HOST)";
				CODE_SIGN_STYLE = Automatic;
				INFOPLIST_FILE = intTests/Info.plist;
				LD_RUNPATH_SEARCH_PATHS = (
					"$(inherited)",
					"@executable_path/Frameworks",
					"@loader_path/Frameworks",
				);
				PRODUCT_BUNDLE_IDENTIFIER = ownlight.intTests;
				PRODUCT_NAME = "$(TARGET_NAME)";
				TARGETED_DEVICE_FAMILY = "1,2";
				TEST_HOST = "$(BUILT_PRODUCTS_DIR)/int.app/int";
			};
			name = Release;
		};
		06BC212A26CAA89400B49116 /* Debug */ = {
			isa = XCBuildConfiguration;
			buildSettings = {
				CODE_SIGN_STYLE = Automatic;
				INFOPLIST_FILE = intUITests/Info.plist;
				LD_RUNPATH_SEARCH_PATHS = (
					"$(inherited)",
					"@executable_path/Frameworks",
					"@loader_path/Frameworks",
				);
				PRODUCT_BUNDLE_IDENTIFIER = ownlight.intUITests;
				PRODUCT_NAME = "$(TARGET_NAME)";
				TARGETED_DEVICE_FAMILY = "1,2";
				TEST_TARGET_NAME = int;
			};
			name = Debug;
		};
		06BC212B26CAA89400B49116 /* Release */ = {
			isa = XCBuildConfiguration;
			buildSettings = {
				CODE_SIGN_STYLE = Automatic;
				INFOPLIST_FILE = intUITests/Info.plist;
				LD_RUNPATH_SEARCH_PATHS = (
					"$(inherited)",
					"@executable_path/Frameworks",
					"@loader_path/Frameworks",
				);
				PRODUCT_BUNDLE_IDENTIFIER = ownlight.intUITests;
				PRODUCT_NAME = "$(TARGET_NAME)";
				TARGETED_DEVICE_FAMILY = "1,2";
				TEST_TARGET_NAME = int;
			};
			name = Release;
		};
/* End XCBuildConfiguration section */

/* Begin XCConfigurationList section */
		06BC20F226CAA89300B49116 /* Build configuration list for PBXProject "int" */ = {
			isa = XCConfigurationList;
			buildConfigurations = (
				06BC212126CAA89400B49116 /* Debug */,
				06BC212226CAA89400B49116 /* Release */,
			);
			defaultConfigurationIsVisible = 0;
			defaultConfigurationName = Release;
		};
		06BC212326CAA89400B49116 /* Build configuration list for PBXNativeTarget "int" */ = {
			isa = XCConfigurationList;
			buildConfigurations = (
				06BC212426CAA89400B49116 /* Debug */,
				06BC212526CAA89400B49116 /* Release */,
			);
			defaultConfigurationIsVisible = 0;
			defaultConfigurationName = Release;
		};
		06BC212626CAA89400B49116 /* Build configuration list for PBXNativeTarget "intTests" */ = {
			isa = XCConfigurationList;
			buildConfigurations = (
				06BC212726CAA89400B49116 /* Debug */,
				06BC212826CAA89400B49116 /* Release */,
			);
			defaultConfigurationIsVisible = 0;
			defaultConfigurationName = Release;
		};
		06BC212926CAA89400B49116 /* Build configuration list for PBXNativeTarget "intUITests" */ = {
			isa = XCConfigurationList;
			buildConfigurations = (
				06BC212A26CAA89400B49116 /* Debug */,
				06BC212B26CAA89400B49116 /* Release */,
			);
			defaultConfigurationIsVisible = 0;
			defaultConfigurationName = Release;
		};
/* End XCConfigurationList section */
	};
	rootObject = 06BC20EF26CAA89300B49116 /* Project object */;
}
