// !$*UTF8*$!
{
	archiveVersion = 1;
	classes = {
	};
	objectVersion = 50;
	objects = {

/* Begin PBXBuildFile section */
		0661EBF826CBCD8700AA27A2 /* AppDelegate.m in Sources */ = {isa = PBXBuildFile; fileRef = 0661EBF726CBCD8700AA27A2 /* AppDelegate.m */; };
		0661EBFB26CBCD8700AA27A2 /* ViewController.m in Sources */ = {isa = PBXBuildFile; fileRef = 0661EBFA26CBCD8700AA27A2 /* ViewController.m */; };
		0661EBFE26CBCD8700AA27A2 /* Main.storyboard in Resources */ = {isa = PBXBuildFile; fileRef = 0661EBFC26CBCD8700AA27A2 /* Main.storyboard */; };
		0661EC0026CBCD8900AA27A2 /* Assets.xcassets in Resources */ = {isa = PBXBuildFile; fileRef = 0661EBFF26CBCD8900AA27A2 /* Assets.xcassets */; };
		0661EC0326CBCD8900AA27A2 /* LaunchScreen.storyboard in Resources */ = {isa = PBXBuildFile; fileRef = 0661EC0126CBCD8900AA27A2 /* LaunchScreen.storyboard */; };
		0661EC0626CBCD8900AA27A2 /* main.m in Sources */ = {isa = PBXBuildFile; fileRef = 0661EC0526CBCD8900AA27A2 /* main.m */; };
		0661EC1026CBCD8900AA27A2 /* boolTests.m in Sources */ = {isa = PBXBuildFile; fileRef = 0661EC0F26CBCD8900AA27A2 /* boolTests.m */; };
		0661EC1B26CBCD8900AA27A2 /* boolUITests.m in Sources */ = {isa = PBXBuildFile; fileRef = 0661EC1A26CBCD8900AA27A2 /* boolUITests.m */; };
/* End PBXBuildFile section */

/* Begin PBXContainerItemProxy section */
		0661EC0C26CBCD8900AA27A2 /* PBXContainerItemProxy */ = {
			isa = PBXContainerItemProxy;
			containerPortal = 0661EBEB26CBCD8700AA27A2 /* Project object */;
			proxyType = 1;
			remoteGlobalIDString = 0661EBF226CBCD8700AA27A2;
			remoteInfo = bool;
		};
		0661EC1726CBCD8900AA27A2 /* PBXContainerItemProxy */ = {
			isa = PBXContainerItemProxy;
			containerPortal = 0661EBEB26CBCD8700AA27A2 /* Project object */;
			proxyType = 1;
			remoteGlobalIDString = 0661EBF226CBCD8700AA27A2;
			remoteInfo = bool;
		};
/* End PBXContainerItemProxy section */

/* Begin PBXFileReference section */
		0661EBF326CBCD8700AA27A2 /* bool.app */ = {isa = PBXFileReference; explicitFileType = wrapper.application; includeInIndex = 0; path = bool.app; sourceTree = BUILT_PRODUCTS_DIR; };
		0661EBF626CBCD8700AA27A2 /* AppDelegate.h */ = {isa = PBXFileReference; lastKnownFileType = sourcecode.c.h; path = AppDelegate.h; sourceTree = "<group>"; };
		0661EBF726CBCD8700AA27A2 /* AppDelegate.m */ = {isa = PBXFileReference; lastKnownFileType = sourcecode.c.objc; path = AppDelegate.m; sourceTree = "<group>"; };
		0661EBF926CBCD8700AA27A2 /* ViewController.h */ = {isa = PBXFileReference; lastKnownFileType = sourcecode.c.h; path = ViewController.h; sourceTree = "<group>"; };
		0661EBFA26CBCD8700AA27A2 /* ViewController.m */ = {isa = PBXFileReference; lastKnownFileType = sourcecode.c.objc; path = ViewController.m; sourceTree = "<group>"; };
		0661EBFD26CBCD8700AA27A2 /* Base */ = {isa = PBXFileReference; lastKnownFileType = file.storyboard; name = Base; path = Base.lproj/Main.storyboard; sourceTree = "<group>"; };
		0661EBFF26CBCD8900AA27A2 /* Assets.xcassets */ = {isa = PBXFileReference; lastKnownFileType = folder.assetcatalog; path = Assets.xcassets; sourceTree = "<group>"; };
		0661EC0226CBCD8900AA27A2 /* Base */ = {isa = PBXFileReference; lastKnownFileType = file.storyboard; name = Base; path = Base.lproj/LaunchScreen.storyboard; sourceTree = "<group>"; };
		0661EC0426CBCD8900AA27A2 /* Info.plist */ = {isa = PBXFileReference; lastKnownFileType = text.plist.xml; path = Info.plist; sourceTree = "<group>"; };
		0661EC0526CBCD8900AA27A2 /* main.m */ = {isa = PBXFileReference; lastKnownFileType = sourcecode.c.objc; path = main.m; sourceTree = "<group>"; };
		0661EC0B26CBCD8900AA27A2 /* boolTests.xctest */ = {isa = PBXFileReference; explicitFileType = wrapper.cfbundle; includeInIndex = 0; path = boolTests.xctest; sourceTree = BUILT_PRODUCTS_DIR; };
		0661EC0F26CBCD8900AA27A2 /* boolTests.m */ = {isa = PBXFileReference; lastKnownFileType = sourcecode.c.objc; path = boolTests.m; sourceTree = "<group>"; };
		0661EC1126CBCD8900AA27A2 /* Info.plist */ = {isa = PBXFileReference; lastKnownFileType = text.plist.xml; path = Info.plist; sourceTree = "<group>"; };
		0661EC1626CBCD8900AA27A2 /* boolUITests.xctest */ = {isa = PBXFileReference; explicitFileType = wrapper.cfbundle; includeInIndex = 0; path = boolUITests.xctest; sourceTree = BUILT_PRODUCTS_DIR; };
		0661EC1A26CBCD8900AA27A2 /* boolUITests.m */ = {isa = PBXFileReference; lastKnownFileType = sourcecode.c.objc; path = boolUITests.m; sourceTree = "<group>"; };
		0661EC1C26CBCD8900AA27A2 /* Info.plist */ = {isa = PBXFileReference; lastKnownFileType = text.plist.xml; path = Info.plist; sourceTree = "<group>"; };
/* End PBXFileReference section */

/* Begin PBXFrameworksBuildPhase section */
		0661EBF026CBCD8700AA27A2 /* Frameworks */ = {
			isa = PBXFrameworksBuildPhase;
			buildActionMask = 2147483647;
			files = (
			);
			runOnlyForDeploymentPostprocessing = 0;
		};
		0661EC0826CBCD8900AA27A2 /* Frameworks */ = {
			isa = PBXFrameworksBuildPhase;
			buildActionMask = 2147483647;
			files = (
			);
			runOnlyForDeploymentPostprocessing = 0;
		};
		0661EC1326CBCD8900AA27A2 /* Frameworks */ = {
			isa = PBXFrameworksBuildPhase;
			buildActionMask = 2147483647;
			files = (
			);
			runOnlyForDeploymentPostprocessing = 0;
		};
/* End PBXFrameworksBuildPhase section */

/* Begin PBXGroup section */
		0661EBEA26CBCD8700AA27A2 = {
			isa = PBXGroup;
			children = (
				0661EBF526CBCD8700AA27A2 /* bool */,
				0661EC0E26CBCD8900AA27A2 /* boolTests */,
				0661EC1926CBCD8900AA27A2 /* boolUITests */,
				0661EBF426CBCD8700AA27A2 /* Products */,
			);
			sourceTree = "<group>";
		};
		0661EBF426CBCD8700AA27A2 /* Products */ = {
			isa = PBXGroup;
			children = (
				0661EBF326CBCD8700AA27A2 /* bool.app */,
				0661EC0B26CBCD8900AA27A2 /* boolTests.xctest */,
				0661EC1626CBCD8900AA27A2 /* boolUITests.xctest */,
			);
			name = Products;
			sourceTree = "<group>";
		};
		0661EBF526CBCD8700AA27A2 /* bool */ = {
			isa = PBXGroup;
			children = (
				0661EBF626CBCD8700AA27A2 /* AppDelegate.h */,
				0661EBF726CBCD8700AA27A2 /* AppDelegate.m */,
				0661EBF926CBCD8700AA27A2 /* ViewController.h */,
				0661EBFA26CBCD8700AA27A2 /* ViewController.m */,
				0661EBFC26CBCD8700AA27A2 /* Main.storyboard */,
				0661EBFF26CBCD8900AA27A2 /* Assets.xcassets */,
				0661EC0126CBCD8900AA27A2 /* LaunchScreen.storyboard */,
				0661EC0426CBCD8900AA27A2 /* Info.plist */,
				0661EC0526CBCD8900AA27A2 /* main.m */,
			);
			path = bool;
			sourceTree = "<group>";
		};
		0661EC0E26CBCD8900AA27A2 /* boolTests */ = {
			isa = PBXGroup;
			children = (
				0661EC0F26CBCD8900AA27A2 /* boolTests.m */,
				0661EC1126CBCD8900AA27A2 /* Info.plist */,
			);
			path = boolTests;
			sourceTree = "<group>";
		};
		0661EC1926CBCD8900AA27A2 /* boolUITests */ = {
			isa = PBXGroup;
			children = (
				0661EC1A26CBCD8900AA27A2 /* boolUITests.m */,
				0661EC1C26CBCD8900AA27A2 /* Info.plist */,
			);
			path = boolUITests;
			sourceTree = "<group>";
		};
/* End PBXGroup section */

/* Begin PBXNativeTarget section */
		0661EBF226CBCD8700AA27A2 /* bool */ = {
			isa = PBXNativeTarget;
			buildConfigurationList = 0661EC1F26CBCD8900AA27A2 /* Build configuration list for PBXNativeTarget "bool" */;
			buildPhases = (
				0661EBEF26CBCD8700AA27A2 /* Sources */,
				0661EBF026CBCD8700AA27A2 /* Frameworks */,
				0661EBF126CBCD8700AA27A2 /* Resources */,
			);
			buildRules = (
			);
			dependencies = (
			);
			name = bool;
			productName = bool;
			productReference = 0661EBF326CBCD8700AA27A2 /* bool.app */;
			productType = "com.apple.product-type.application";
		};
		0661EC0A26CBCD8900AA27A2 /* boolTests */ = {
			isa = PBXNativeTarget;
			buildConfigurationList = 0661EC2226CBCD8900AA27A2 /* Build configuration list for PBXNativeTarget "boolTests" */;
			buildPhases = (
				0661EC0726CBCD8900AA27A2 /* Sources */,
				0661EC0826CBCD8900AA27A2 /* Frameworks */,
				0661EC0926CBCD8900AA27A2 /* Resources */,
			);
			buildRules = (
			);
			dependencies = (
				0661EC0D26CBCD8900AA27A2 /* PBXTargetDependency */,
			);
			name = boolTests;
			productName = boolTests;
			productReference = 0661EC0B26CBCD8900AA27A2 /* boolTests.xctest */;
			productType = "com.apple.product-type.bundle.unit-test";
		};
		0661EC1526CBCD8900AA27A2 /* boolUITests */ = {
			isa = PBXNativeTarget;
			buildConfigurationList = 0661EC2526CBCD8900AA27A2 /* Build configuration list for PBXNativeTarget "boolUITests" */;
			buildPhases = (
				0661EC1226CBCD8900AA27A2 /* Sources */,
				0661EC1326CBCD8900AA27A2 /* Frameworks */,
				0661EC1426CBCD8900AA27A2 /* Resources */,
			);
			buildRules = (
			);
			dependencies = (
				0661EC1826CBCD8900AA27A2 /* PBXTargetDependency */,
			);
			name = boolUITests;
			productName = boolUITests;
			productReference = 0661EC1626CBCD8900AA27A2 /* boolUITests.xctest */;
			productType = "com.apple.product-type.bundle.ui-testing";
		};
/* End PBXNativeTarget section */

/* Begin PBXProject section */
		0661EBEB26CBCD8700AA27A2 /* Project object */ = {
			isa = PBXProject;
			attributes = {
				LastUpgradeCheck = 1010;
				ORGANIZATIONNAME = "Pradip Gareja";
				TargetAttributes = {
					0661EBF226CBCD8700AA27A2 = {
						CreatedOnToolsVersion = 10.1;
					};
					0661EC0A26CBCD8900AA27A2 = {
						CreatedOnToolsVersion = 10.1;
						TestTargetID = 0661EBF226CBCD8700AA27A2;
					};
					0661EC1526CBCD8900AA27A2 = {
						CreatedOnToolsVersion = 10.1;
						TestTargetID = 0661EBF226CBCD8700AA27A2;
					};
				};
			};
			buildConfigurationList = 0661EBEE26CBCD8700AA27A2 /* Build configuration list for PBXProject "bool" */;
			compatibilityVersion = "Xcode 9.3";
			developmentRegion = en;
			hasScannedForEncodings = 0;
			knownRegions = (
				en,
				Base,
			);
			mainGroup = 0661EBEA26CBCD8700AA27A2;
			productRefGroup = 0661EBF426CBCD8700AA27A2 /* Products */;
			projectDirPath = "";
			projectRoot = "";
			targets = (
				0661EBF226CBCD8700AA27A2 /* bool */,
				0661EC0A26CBCD8900AA27A2 /* boolTests */,
				0661EC1526CBCD8900AA27A2 /* boolUITests */,
			);
		};
/* End PBXProject section */

/* Begin PBXResourcesBuildPhase section */
		0661EBF126CBCD8700AA27A2 /* Resources */ = {
			isa = PBXResourcesBuildPhase;
			buildActionMask = 2147483647;
			files = (
				0661EC0326CBCD8900AA27A2 /* LaunchScreen.storyboard in Resources */,
				0661EC0026CBCD8900AA27A2 /* Assets.xcassets in Resources */,
				0661EBFE26CBCD8700AA27A2 /* Main.storyboard in Resources */,
			);
			runOnlyForDeploymentPostprocessing = 0;
		};
		0661EC0926CBCD8900AA27A2 /* Resources */ = {
			isa = PBXResourcesBuildPhase;
			buildActionMask = 2147483647;
			files = (
			);
			runOnlyForDeploymentPostprocessing = 0;
		};
		0661EC1426CBCD8900AA27A2 /* Resources */ = {
			isa = PBXResourcesBuildPhase;
			buildActionMask = 2147483647;
			files = (
			);
			runOnlyForDeploymentPostprocessing = 0;
		};
/* End PBXResourcesBuildPhase section */

/* Begin PBXSourcesBuildPhase section */
		0661EBEF26CBCD8700AA27A2 /* Sources */ = {
			isa = PBXSourcesBuildPhase;
			buildActionMask = 2147483647;
			files = (
				0661EBFB26CBCD8700AA27A2 /* ViewController.m in Sources */,
				0661EC0626CBCD8900AA27A2 /* main.m in Sources */,
				0661EBF826CBCD8700AA27A2 /* AppDelegate.m in Sources */,
			);
			runOnlyForDeploymentPostprocessing = 0;
		};
		0661EC0726CBCD8900AA27A2 /* Sources */ = {
			isa = PBXSourcesBuildPhase;
			buildActionMask = 2147483647;
			files = (
				0661EC1026CBCD8900AA27A2 /* boolTests.m in Sources */,
			);
			runOnlyForDeploymentPostprocessing = 0;
		};
		0661EC1226CBCD8900AA27A2 /* Sources */ = {
			isa = PBXSourcesBuildPhase;
			buildActionMask = 2147483647;
			files = (
				0661EC1B26CBCD8900AA27A2 /* boolUITests.m in Sources */,
			);
			runOnlyForDeploymentPostprocessing = 0;
		};
/* End PBXSourcesBuildPhase section */

/* Begin PBXTargetDependency section */
		0661EC0D26CBCD8900AA27A2 /* PBXTargetDependency */ = {
			isa = PBXTargetDependency;
			target = 0661EBF226CBCD8700AA27A2 /* bool */;
			targetProxy = 0661EC0C26CBCD8900AA27A2 /* PBXContainerItemProxy */;
		};
		0661EC1826CBCD8900AA27A2 /* PBXTargetDependency */ = {
			isa = PBXTargetDependency;
			target = 0661EBF226CBCD8700AA27A2 /* bool */;
			targetProxy = 0661EC1726CBCD8900AA27A2 /* PBXContainerItemProxy */;
		};
/* End PBXTargetDependency section */

/* Begin PBXVariantGroup section */
		0661EBFC26CBCD8700AA27A2 /* Main.storyboard */ = {
			isa = PBXVariantGroup;
			children = (
				0661EBFD26CBCD8700AA27A2 /* Base */,
			);
			name = Main.storyboard;
			sourceTree = "<group>";
		};
		0661EC0126CBCD8900AA27A2 /* LaunchScreen.storyboard */ = {
			isa = PBXVariantGroup;
			children = (
				0661EC0226CBCD8900AA27A2 /* Base */,
			);
			name = LaunchScreen.storyboard;
			sourceTree = "<group>";
		};
/* End PBXVariantGroup section */

/* Begin XCBuildConfiguration section */
		0661EC1D26CBCD8900AA27A2 /* Debug */ = {
			isa = XCBuildConfiguration;
			buildSettings = {
				ALWAYS_SEARCH_USER_PATHS = NO;
				CLANG_ANALYZER_NONNULL = YES;
				CLANG_ANALYZER_NUMBER_OBJECT_CONVERSION = YES_AGGRESSIVE;
				CLANG_CXX_LANGUAGE_STANDARD = "gnu++14";
				CLANG_CXX_LIBRARY = "libc++";
				CLANG_ENABLE_MODULES = YES;
				CLANG_ENABLE_OBJC_ARC = YES;
				CLANG_ENABLE_OBJC_WEAK = YES;
				CLANG_WARN_BLOCK_CAPTURE_AUTORELEASING = YES;
				CLANG_WARN_BOOL_CONVERSION = YES;
				CLANG_WARN_COMMA = YES;
				CLANG_WARN_CONSTANT_CONVERSION = YES;
				CLANG_WARN_DEPRECATED_OBJC_IMPLEMENTATIONS = YES;
				CLANG_WARN_DIRECT_OBJC_ISA_USAGE = YES_ERROR;
				CLANG_WARN_DOCUMENTATION_COMMENTS = YES;
				CLANG_WARN_EMPTY_BODY = YES;
				CLANG_WARN_ENUM_CONVERSION = YES;
				CLANG_WARN_INFINITE_RECURSION = YES;
				CLANG_WARN_INT_CONVERSION = YES;
				CLANG_WARN_NON_LITERAL_NULL_CONVERSION = YES;
				CLANG_WARN_OBJC_IMPLICIT_RETAIN_SELF = YES;
				CLANG_WARN_OBJC_LITERAL_CONVERSION = YES;
				CLANG_WARN_OBJC_ROOT_CLASS = YES_ERROR;
				CLANG_WARN_RANGE_LOOP_ANALYSIS = YES;
				CLANG_WARN_STRICT_PROTOTYPES = YES;
				CLANG_WARN_SUSPICIOUS_MOVE = YES;
				CLANG_WARN_UNGUARDED_AVAILABILITY = YES_AGGRESSIVE;
				CLANG_WARN_UNREACHABLE_CODE = YES;
				CLANG_WARN__DUPLICATE_METHOD_MATCH = YES;
				CODE_SIGN_IDENTITY = "iPhone Developer";
				COPY_PHASE_STRIP = NO;
				DEBUG_INFORMATION_FORMAT = dwarf;
				ENABLE_STRICT_OBJC_MSGSEND = YES;
				ENABLE_TESTABILITY = YES;
				GCC_C_LANGUAGE_STANDARD = gnu11;
				GCC_DYNAMIC_NO_PIC = NO;
				GCC_NO_COMMON_BLOCKS = YES;
				GCC_OPTIMIZATION_LEVEL = 0;
				GCC_PREPROCESSOR_DEFINITIONS = (
					"DEBUG=1",
					"$(inherited)",
				);
				GCC_WARN_64_TO_32_BIT_CONVERSION = YES;
				GCC_WARN_ABOUT_RETURN_TYPE = YES_ERROR;
				GCC_WARN_UNDECLARED_SELECTOR = YES;
				GCC_WARN_UNINITIALIZED_AUTOS = YES_AGGRESSIVE;
				GCC_WARN_UNUSED_FUNCTION = YES;
				GCC_WARN_UNUSED_VARIABLE = YES;
				IPHONEOS_DEPLOYMENT_TARGET = 12.1;
				MTL_ENABLE_DEBUG_INFO = INCLUDE_SOURCE;
				MTL_FAST_MATH = YES;
				ONLY_ACTIVE_ARCH = YES;
				SDKROOT = iphoneos;
			};
			name = Debug;
		};
		0661EC1E26CBCD8900AA27A2 /* Release */ = {
			isa = XCBuildConfiguration;
			buildSettings = {
				ALWAYS_SEARCH_USER_PATHS = NO;
				CLANG_ANALYZER_NONNULL = YES;
				CLANG_ANALYZER_NUMBER_OBJECT_CONVERSION = YES_AGGRESSIVE;
				CLANG_CXX_LANGUAGE_STANDARD = "gnu++14";
				CLANG_CXX_LIBRARY = "libc++";
				CLANG_ENABLE_MODULES = YES;
				CLANG_ENABLE_OBJC_ARC = YES;
				CLANG_ENABLE_OBJC_WEAK = YES;
				CLANG_WARN_BLOCK_CAPTURE_AUTORELEASING = YES;
				CLANG_WARN_BOOL_CONVERSION = YES;
				CLANG_WARN_COMMA = YES;
				CLANG_WARN_CONSTANT_CONVERSION = YES;
				CLANG_WARN_DEPRECATED_OBJC_IMPLEMENTATIONS = YES;
				CLANG_WARN_DIRECT_OBJC_ISA_USAGE = YES_ERROR;
				CLANG_WARN_DOCUMENTATION_COMMENTS = YES;
				CLANG_WARN_EMPTY_BODY = YES;
				CLANG_WARN_ENUM_CONVERSION = YES;
				CLANG_WARN_INFINITE_RECURSION = YES;
				CLANG_WARN_INT_CONVERSION = YES;
				CLANG_WARN_NON_LITERAL_NULL_CONVERSION = YES;
				CLANG_WARN_OBJC_IMPLICIT_RETAIN_SELF = YES;
				CLANG_WARN_OBJC_LITERAL_CONVERSION = YES;
				CLANG_WARN_OBJC_ROOT_CLASS = YES_ERROR;
				CLANG_WARN_RANGE_LOOP_ANALYSIS = YES;
				CLANG_WARN_STRICT_PROTOTYPES = YES;
				CLANG_WARN_SUSPICIOUS_MOVE = YES;
				CLANG_WARN_UNGUARDED_AVAILABILITY = YES_AGGRESSIVE;
				CLANG_WARN_UNREACHABLE_CODE = YES;
				CLANG_WARN__DUPLICATE_METHOD_MATCH = YES;
				CODE_SIGN_IDENTITY = "iPhone Developer";
				COPY_PHASE_STRIP = NO;
				DEBUG_INFORMATION_FORMAT = "dwarf-with-dsym";
				ENABLE_NS_ASSERTIONS = NO;
				ENABLE_STRICT_OBJC_MSGSEND = YES;
				GCC_C_LANGUAGE_STANDARD = gnu11;
				GCC_NO_COMMON_BLOCKS = YES;
				GCC_WARN_64_TO_32_BIT_CONVERSION = YES;
				GCC_WARN_ABOUT_RETURN_TYPE = YES_ERROR;
				GCC_WARN_UNDECLARED_SELECTOR = YES;
				GCC_WARN_UNINITIALIZED_AUTOS = YES_AGGRESSIVE;
				GCC_WARN_UNUSED_FUNCTION = YES;
				GCC_WARN_UNUSED_VARIABLE = YES;
				IPHONEOS_DEPLOYMENT_TARGET = 12.1;
				MTL_ENABLE_DEBUG_INFO = NO;
				MTL_FAST_MATH = YES;
				SDKROOT = iphoneos;
				VALIDATE_PRODUCT = YES;
			};
			name = Release;
		};
		0661EC2026CBCD8900AA27A2 /* Debug */ = {
			isa = XCBuildConfiguration;
			buildSettings = {
				ASSETCATALOG_COMPILER_APPICON_NAME = AppIcon;
				CODE_SIGN_STYLE = Automatic;
				INFOPLIST_FILE = bool/Info.plist;
				LD_RUNPATH_SEARCH_PATHS = (
					"$(inherited)",
					"@executable_path/Frameworks",
				);
				PRODUCT_BUNDLE_IDENTIFIER = ownlight.bool;
				PRODUCT_NAME = "$(TARGET_NAME)";
				TARGETED_DEVICE_FAMILY = "1,2";
			};
			name = Debug;
		};
		0661EC2126CBCD8900AA27A2 /* Release */ = {
			isa = XCBuildConfiguration;
			buildSettings = {
				ASSETCATALOG_COMPILER_APPICON_NAME = AppIcon;
				CODE_SIGN_STYLE = Automatic;
				INFOPLIST_FILE = bool/Info.plist;
				LD_RUNPATH_SEARCH_PATHS = (
					"$(inherited)",
					"@executable_path/Frameworks",
				);
				PRODUCT_BUNDLE_IDENTIFIER = ownlight.bool;
				PRODUCT_NAME = "$(TARGET_NAME)";
				TARGETED_DEVICE_FAMILY = "1,2";
			};
			name = Release;
		};
		0661EC2326CBCD8900AA27A2 /* Debug */ = {
			isa = XCBuildConfiguration;
			buildSettings = {
				BUNDLE_LOADER = "$(TEST_HOST)";
				CODE_SIGN_STYLE = Automatic;
				INFOPLIST_FILE = boolTests/Info.plist;
				LD_RUNPATH_SEARCH_PATHS = (
					"$(inherited)",
					"@executable_path/Frameworks",
					"@loader_path/Frameworks",
				);
				PRODUCT_BUNDLE_IDENTIFIER = ownlight.boolTests;
				PRODUCT_NAME = "$(TARGET_NAME)";
				TARGETED_DEVICE_FAMILY = "1,2";
				TEST_HOST = "$(BUILT_PRODUCTS_DIR)/bool.app/bool";
			};
			name = Debug;
		};
		0661EC2426CBCD8900AA27A2 /* Release */ = {
			isa = XCBuildConfiguration;
			buildSettings = {
				BUNDLE_LOADER = "$(TEST_HOST)";
				CODE_SIGN_STYLE = Automatic;
				INFOPLIST_FILE = boolTests/Info.plist;
				LD_RUNPATH_SEARCH_PATHS = (
					"$(inherited)",
					"@executable_path/Frameworks",
					"@loader_path/Frameworks",
				);
				PRODUCT_BUNDLE_IDENTIFIER = ownlight.boolTests;
				PRODUCT_NAME = "$(TARGET_NAME)";
				TARGETED_DEVICE_FAMILY = "1,2";
				TEST_HOST = "$(BUILT_PRODUCTS_DIR)/bool.app/bool";
			};
			name = Release;
		};
		0661EC2626CBCD8900AA27A2 /* Debug */ = {
			isa = XCBuildConfiguration;
			buildSettings = {
				CODE_SIGN_STYLE = Automatic;
				INFOPLIST_FILE = boolUITests/Info.plist;
				LD_RUNPATH_SEARCH_PATHS = (
					"$(inherited)",
					"@executable_path/Frameworks",
					"@loader_path/Frameworks",
				);
				PRODUCT_BUNDLE_IDENTIFIER = ownlight.boolUITests;
				PRODUCT_NAME = "$(TARGET_NAME)";
				TARGETED_DEVICE_FAMILY = "1,2";
				TEST_TARGET_NAME = bool;
			};
			name = Debug;
		};
		0661EC2726CBCD8900AA27A2 /* Release */ = {
			isa = XCBuildConfiguration;
			buildSettings = {
				CODE_SIGN_STYLE = Automatic;
				INFOPLIST_FILE = boolUITests/Info.plist;
				LD_RUNPATH_SEARCH_PATHS = (
					"$(inherited)",
					"@executable_path/Frameworks",
					"@loader_path/Frameworks",
				);
				PRODUCT_BUNDLE_IDENTIFIER = ownlight.boolUITests;
				PRODUCT_NAME = "$(TARGET_NAME)";
				TARGETED_DEVICE_FAMILY = "1,2";
				TEST_TARGET_NAME = bool;
			};
			name = Release;
		};
/* End XCBuildConfiguration section */

/* Begin XCConfigurationList section */
		0661EBEE26CBCD8700AA27A2 /* Build configuration list for PBXProject "bool" */ = {
			isa = XCConfigurationList;
			buildConfigurations = (
				0661EC1D26CBCD8900AA27A2 /* Debug */,
				0661EC1E26CBCD8900AA27A2 /* Release */,
			);
			defaultConfigurationIsVisible = 0;
			defaultConfigurationName = Release;
		};
		0661EC1F26CBCD8900AA27A2 /* Build configuration list for PBXNativeTarget "bool" */ = {
			isa = XCConfigurationList;
			buildConfigurations = (
				0661EC2026CBCD8900AA27A2 /* Debug */,
				0661EC2126CBCD8900AA27A2 /* Release */,
			);
			defaultConfigurationIsVisible = 0;
			defaultConfigurationName = Release;
		};
		0661EC2226CBCD8900AA27A2 /* Build configuration list for PBXNativeTarget "boolTests" */ = {
			isa = XCConfigurationList;
			buildConfigurations = (
				0661EC2326CBCD8900AA27A2 /* Debug */,
				0661EC2426CBCD8900AA27A2 /* Release */,
			);
			defaultConfigurationIsVisible = 0;
			defaultConfigurationName = Release;
		};
		0661EC2526CBCD8900AA27A2 /* Build configuration list for PBXNativeTarget "boolUITests" */ = {
			isa = XCConfigurationList;
			buildConfigurations = (
				0661EC2626CBCD8900AA27A2 /* Debug */,
				0661EC2726CBCD8900AA27A2 /* Release */,
			);
			defaultConfigurationIsVisible = 0;
			defaultConfigurationName = Release;
		};
/* End XCConfigurationList section */
	};
	rootObject = 0661EBEB26CBCD8700AA27A2 /* Project object */;
}
